
Microsoft Visual Studio Solution File, Format Version 12.00
# Visual Studio 15
VisualStudioVersion = 15.0.26124.0
MinimumVisualStudioVersion = 15.0.26124.0
Project("{FAE04EC0-301F-11D3-BF4B-00C04F79EFBC}") = "UseCases", "UseCases\UseCases.csproj", "{2EB8516A-F217-4E3D-B9C4-BB9CEFF06323}"
EndProject
Project("{FAE04EC0-301F-11D3-BF4B-00C04F79EFBC}") = "Example.SimpleExpression", "Example.SimpleExpression\Example.SimpleExpression.csproj", "{00480F88-04AC-4EF0-9535-7B12FE53364C}"
EndProject
Project("{FAE04EC0-301F-11D3-BF4B-00C04F79EFBC}") = "Example.Plain", "Example.Plain\Example.Plain.csproj", "{97892005-5EE9-4F40-9F7E-2C0D5BCF5C57}"
EndProject
Project("{FAE04EC0-301F-11D3-BF4B-00C04F79EFBC}") = "Example.VeryGeneric", "Example.VeryGeneric\Example.VeryGeneric.csproj", "{BC5D304A-7E86-4358-A618-4A1CDA4311D3}"
EndProject
Project("{FAE04EC0-301F-11D3-BF4B-00C04F79EFBC}") = "Example.MockLike", "Example.MockLike\Example.MockLike.csproj", "{512CB02D-D924-4E38-95BC-41C4BE4D8E95}"
EndProject
Global
	GlobalSection(SolutionConfigurationPlatforms) = preSolution
		Debug|Any CPU = Debug|Any CPU
		Debug|x64 = Debug|x64
		Debug|x86 = Debug|x86
		Release|Any CPU = Release|Any CPU
		Release|x64 = Release|x64
		Release|x86 = Release|x86
	EndGlobalSection
	GlobalSection(SolutionProperties) = preSolution
		HideSolutionNode = FALSE
	EndGlobalSection
	GlobalSection(ProjectConfigurationPlatforms) = postSolution
		{2EB8516A-F217-4E3D-B9C4-BB9CEFF06323}.Debug|Any CPU.ActiveCfg = Debug|Any CPU
		{2EB8516A-F217-4E3D-B9C4-BB9CEFF06323}.Debug|Any CPU.Build.0 = Debug|Any CPU
		{2EB8516A-F217-4E3D-B9C4-BB9CEFF06323}.Debug|x64.ActiveCfg = Debug|Any CPU
		{2EB8516A-F217-4E3D-B9C4-BB9CEFF06323}.Debug|x64.Build.0 = Debug|Any CPU
		{2EB8516A-F217-4E3D-B9C4-BB9CEFF06323}.Debug|x86.ActiveCfg = Debug|Any CPU
		{2EB8516A-F217-4E3D-B9C4-BB9CEFF06323}.Debug|x86.Build.0 = Debug|Any CPU
		{2EB8516A-F217-4E3D-B9C4-BB9CEFF06323}.Release|Any CPU.ActiveCfg = Release|Any CPU
		{2EB8516A-F217-4E3D-B9C4-BB9CEFF06323}.Release|Any CPU.Build.0 = Release|Any CPU
		{2EB8516A-F217-4E3D-B9C4-BB9CEFF06323}.Release|x64.ActiveCfg = Release|Any CPU
		{2EB8516A-F217-4E3D-B9C4-BB9CEFF06323}.Release|x64.Build.0 = Release|Any CPU
		{2EB8516A-F217-4E3D-B9C4-BB9CEFF06323}.Release|x86.ActiveCfg = Release|Any CPU
		{2EB8516A-F217-4E3D-B9C4-BB9CEFF06323}.Release|x86.Build.0 = Release|Any CPU
		{00480F88-04AC-4EF0-9535-7B12FE53364C}.Debug|Any CPU.ActiveCfg = Debug|Any CPU
		{00480F88-04AC-4EF0-9535-7B12FE53364C}.Debug|Any CPU.Build.0 = Debug|Any CPU
		{00480F88-04AC-4EF0-9535-7B12FE53364C}.Debug|x64.ActiveCfg = Debug|Any CPU
		{00480F88-04AC-4EF0-9535-7B12FE53364C}.Debug|x64.Build.0 = Debug|Any CPU
		{00480F88-04AC-4EF0-9535-7B12FE53364C}.Debug|x86.ActiveCfg = Debug|Any CPU
		{00480F88-04AC-4EF0-9535-7B12FE53364C}.Debug|x86.Build.0 = Debug|Any CPU
		{00480F88-04AC-4EF0-9535-7B12FE53364C}.Release|Any CPU.ActiveCfg = Release|Any CPU
		{00480F88-04AC-4EF0-9535-7B12FE53364C}.Release|Any CPU.Build.0 = Release|Any CPU
		{00480F88-04AC-4EF0-9535-7B12FE53364C}.Release|x64.ActiveCfg = Release|Any CPU
		{00480F88-04AC-4EF0-9535-7B12FE53364C}.Release|x64.Build.0 = Release|Any CPU
		{00480F88-04AC-4EF0-9535-7B12FE53364C}.Release|x86.ActiveCfg = Release|Any CPU
		{00480F88-04AC-4EF0-9535-7B12FE53364C}.Release|x86.Build.0 = Release|Any CPU
		{97892005-5EE9-4F40-9F7E-2C0D5BCF5C57}.Debug|Any CPU.ActiveCfg = Debug|Any CPU
		{97892005-5EE9-4F40-9F7E-2C0D5BCF5C57}.Debug|Any CPU.Build.0 = Debug|Any CPU
		{97892005-5EE9-4F40-9F7E-2C0D5BCF5C57}.Debug|x64.ActiveCfg = Debug|Any CPU
		{97892005-5EE9-4F40-9F7E-2C0D5BCF5C57}.Debug|x64.Build.0 = Debug|Any CPU
		{97892005-5EE9-4F40-9F7E-2C0D5BCF5C57}.Debug|x86.ActiveCfg = Debug|Any CPU
		{97892005-5EE9-4F40-9F7E-2C0D5BCF5C57}.Debug|x86.Build.0 = Debug|Any CPU
		{97892005-5EE9-4F40-9F7E-2C0D5BCF5C57}.Release|Any CPU.ActiveCfg = Release|Any CPU
		{97892005-5EE9-4F40-9F7E-2C0D5BCF5C57}.Release|Any CPU.Build.0 = Release|Any CPU
		{97892005-5EE9-4F40-9F7E-2C0D5BCF5C57}.Release|x64.ActiveCfg = Release|Any CPU
		{97892005-5EE9-4F40-9F7E-2C0D5BCF5C57}.Release|x64.Build.0 = Release|Any CPU
		{97892005-5EE9-4F40-9F7E-2C0D5BCF5C57}.Release|x86.ActiveCfg = Release|Any CPU
		{97892005-5EE9-4F40-9F7E-2C0D5BCF5C57}.Release|x86.Build.0 = Release|Any CPU
		{BC5D304A-7E86-4358-A618-4A1CDA4311D3}.Debug|Any CPU.ActiveCfg = Debug|Any CPU
		{BC5D304A-7E86-4358-A618-4A1CDA4311D3}.Debug|Any CPU.Build.0 = Debug|Any CPU
		{BC5D304A-7E86-4358-A618-4A1CDA4311D3}.Debug|x64.ActiveCfg = Debug|Any CPU
		{BC5D304A-7E86-4358-A618-4A1CDA4311D3}.Debug|x64.Build.0 = Debug|Any CPU
		{BC5D304A-7E86-4358-A618-4A1CDA4311D3}.Debug|x86.ActiveCfg = Debug|Any CPU
		{BC5D304A-7E86-4358-A618-4A1CDA4311D3}.Debug|x86.Build.0 = Debug|Any CPU
		{BC5D304A-7E86-4358-A618-4A1CDA4311D3}.Release|Any CPU.ActiveCfg = Release|Any CPU
		{BC5D304A-7E86-4358-A618-4A1CDA4311D3}.Release|Any CPU.Build.0 = Release|Any CPU
		{BC5D304A-7E86-4358-A618-4A1CDA4311D3}.Release|x64.ActiveCfg = Release|Any CPU
		{BC5D304A-7E86-4358-A618-4A1CDA4311D3}.Release|x64.Build.0 = Release|Any CPU
		{BC5D304A-7E86-4358-A618-4A1CDA4311D3}.Release|x86.ActiveCfg = Release|Any CPU
		{BC5D304A-7E86-4358-A618-4A1CDA4311D3}.Release|x86.Build.0 = Release|Any CPU
		{512CB02D-D924-4E38-95BC-41C4BE4D8E95}.Debug|Any CPU.ActiveCfg = Debug|Any CPU
		{512CB02D-D924-4E38-95BC-41C4BE4D8E95}.Debug|Any CPU.Build.0 = Debug|Any CPU
		{512CB02D-D924-4E38-95BC-41C4BE4D8E95}.Debug|x64.ActiveCfg = Debug|Any CPU
		{512CB02D-D924-4E38-95BC-41C4BE4D8E95}.Debug|x64.Build.0 = Debug|Any CPU
		{512CB02D-D924-4E38-95BC-41C4BE4D8E95}.Debug|x86.ActiveCfg = Debug|Any CPU
		{512CB02D-D924-4E38-95BC-41C4BE4D8E95}.Debug|x86.Build.0 = Debug|Any CPU
		{512CB02D-D924-4E38-95BC-41C4BE4D8E95}.Release|Any CPU.ActiveCfg = Release|Any CPU
		{512CB02D-D924-4E38-95BC-41C4BE4D8E95}.Release|Any CPU.Build.0 = Release|Any CPU
		{512CB02D-D924-4E38-95BC-41C4BE4D8E95}.Release|x64.ActiveCfg = Release|Any CPU
		{512CB02D-D924-4E38-95BC-41C4BE4D8E95}.Release|x64.Build.0 = Release|Any CPU
		{512CB02D-D924-4E38-95BC-41C4BE4D8E95}.Release|x86.ActiveCfg = Release|Any CPU
		{512CB02D-D924-4E38-95BC-41C4BE4D8E95}.Release|x86.Build.0 = Release|Any CPU
	EndGlobalSection
EndGlobal
